// !$*UTF8*$!
{
	archiveVersion = 1;
	classes = {
	};
	objectVersion = 46;
	objects = {

/* Begin PBXBuildFile section */
		C571964A1C3ADF0800F39A26 /* main.m in Sources */ = {isa = PBXBuildFile; fileRef = C57196491C3ADF0800F39A26 /* main.m */; };
		C571964D1C3ADF0800F39A26 /* AppDelegate.m in Sources */ = {isa = PBXBuildFile; fileRef = C571964C1C3ADF0800F39A26 /* AppDelegate.m */; };
		C57196501C3ADF0800F39A26 /* ViewController.m in Sources */ = {isa = PBXBuildFile; fileRef = C571964F1C3ADF0800F39A26 /* ViewController.m */; };
		C57196531C3ADF0800F39A26 /* Main.storyboard in Resources */ = {isa = PBXBuildFile; fileRef = C57196511C3ADF0800F39A26 /* Main.storyboard */; };
		C57196551C3ADF0800F39A26 /* Assets.xcassets in Resources */ = {isa = PBXBuildFile; fileRef = C57196541C3ADF0800F39A26 /* Assets.xcassets */; };
		C57196581C3ADF0800F39A26 /* LaunchScreen.storyboard in Resources */ = {isa = PBXBuildFile; fileRef = C57196561C3ADF0800F39A26 /* LaunchScreen.storyboard */; };
/* End PBXBuildFile section */

/* Begin PBXFileReference section */
		C57196451C3ADF0800F39A26 /* IOSBootcampContact.app */ = {isa = PBXFileReference; explicitFileType = wrapper.application; includeInIndex = 0; path = IOSBootcampContact.app; sourceTree = BUILT_PRODUCTS_DIR; };
		C57196491C3ADF0800F39A26 /* main.m */ = {isa = PBXFileReference; lastKnownFileType = sourcecode.c.objc; path = main.m; sourceTree = "<group>"; };
		C571964B1C3ADF0800F39A26 /* AppDelegate.h */ = {isa = PBXFileReference; lastKnownFileType = sourcecode.c.h; path = AppDelegate.h; sourceTree = "<group>"; };
		C571964C1C3ADF0800F39A26 /* AppDelegate.m */ = {isa = PBXFileReference; lastKnownFileType = sourcecode.c.objc; path = AppDelegate.m; sourceTree = "<group>"; };
		C571964E1C3ADF0800F39A26 /* ViewController.h */ = {isa = PBXFileReference; lastKnownFileType = sourcecode.c.h; path = ViewController.h; sourceTree = "<group>"; };
		C571964F1C3ADF0800F39A26 /* ViewController.m */ = {isa = PBXFileReference; lastKnownFileType = sourcecode.c.objc; path = ViewController.m; sourceTree = "<group>"; };
		C57196521C3ADF0800F39A26 /* Base */ = {isa = PBXFileReference; lastKnownFileType = file.storyboard; name = Base; path = Base.lproj/Main.storyboard; sourceTree = "<group>"; };
		C57196541C3ADF0800F39A26 /* Assets.xcassets */ = {isa = PBXFileReference; lastKnownFileType = folder.assetcatalog; path = Assets.xcassets; sourceTree = "<group>"; };
		C57196571C3ADF0800F39A26 /* Base */ = {isa = PBXFileReference; lastKnownFileType = file.storyboard; name = Base; path = Base.lproj/LaunchScreen.storyboard; sourceTree = "<group>"; };
		C57196591C3ADF0800F39A26 /* Info.plist */ = {isa = PBXFileReference; lastKnownFileType = text.plist.xml; path = Info.plist; sourceTree = "<group>"; };
/* End PBXFileReference section */

/* Begin PBXFrameworksBuildPhase section */
		C57196421C3ADF0800F39A26 /* Frameworks */ = {
			isa = PBXFrameworksBuildPhase;
			buildActionMask = 2147483647;
			files = (
			);
			runOnlyForDeploymentPostprocessing = 0;
		};
/* End PBXFrameworksBuildPhase section */

/* Begin PBXGroup section */
		C571963C1C3ADF0800F39A26 = {
			isa = PBXGroup;
			children = (
				C57196471C3ADF0800F39A26 /* IOSBootcampContact */,
				C57196461C3ADF0800F39A26 /* Products */,
			);
			sourceTree = "<group>";
		};
		C57196461C3ADF0800F39A26 /* Products */ = {
			isa = PBXGroup;
			children = (
				C57196451C3ADF0800F39A26 /* IOSBootcampContact.app */,
			);
			name = Products;
			sourceTree = "<group>";
		};
		C57196471C3ADF0800F39A26 /* IOSBootcampContact */ = {
			isa = PBXGroup;
			children = (
				C571964B1C3ADF0800F39A26 /* AppDelegate.h */,
				C571964C1C3ADF0800F39A26 /* AppDelegate.m */,
				C571964E1C3ADF0800F39A26 /* ViewController.h */,
				C571964F1C3ADF0800F39A26 /* ViewController.m */,
				C57196511C3ADF0800F39A26 /* Main.storyboard */,
				C57196541C3ADF0800F39A26 /* Assets.xcassets */,
				C57196561C3ADF0800F39A26 /* LaunchScreen.storyboard */,
				C57196591C3ADF0800F39A26 /* Info.plist */,
				C57196481C3ADF0800F39A26 /* Supporting Files */,
			);
			path = IOSBootcampContact;
			sourceTree = "<group>";
		};
		C57196481C3ADF0800F39A26 /* Supporting Files */ = {
			isa = PBXGroup;
			children = (
				C57196491C3ADF0800F39A26 /* main.m */,
			);
			name = "Supporting Files";
			sourceTree = "<group>";
		};
/* End PBXGroup section */

/* Begin PBXNativeTarget section */
		C57196441C3ADF0800F39A26 /* IOSBootcampContact */ = {
			isa = PBXNativeTarget;
			buildConfigurationList = C571965C1C3ADF0800F39A26 /* Build configuration list for PBXNativeTarget "IOSBootcampContact" */;
			buildPhases = (
				C57196411C3ADF0800F39A26 /* Sources */,
				C57196421C3ADF0800F39A26 /* Frameworks */,
				C57196431C3ADF0800F39A26 /* Resources */,
			);
			buildRules = (
			);
			dependencies = (
			);
			name = IOSBootcampContact;
			productName = IOSBootcampContact;
			productReference = C57196451C3ADF0800F39A26 /* IOSBootcampContact.app */;
			productType = "com.apple.product-type.application";
		};
/* End PBXNativeTarget section */

/* Begin PBXProject section */
		C571963D1C3ADF0800F39A26 /* Project object */ = {
			isa = PBXProject;
			attributes = {
				LastUpgradeCheck = 0720;
				ORGANIZATIONNAME = TSD005;
				TargetAttributes = {
					C57196441C3ADF0800F39A26 = {
						CreatedOnToolsVersion = 7.2;
					};
				};
			};
			buildConfigurationList = C57196401C3ADF0800F39A26 /* Build configuration list for PBXProject "IOSBootcampContact" */;
			compatibilityVersion = "Xcode 3.2";
			developmentRegion = English;
			hasScannedForEncodings = 0;
			knownRegions = (
				en,
				Base,
			);
			mainGroup = C571963C1C3ADF0800F39A26;
			productRefGroup = C57196461C3ADF0800F39A26 /* Products */;
			projectDirPath = "";
			projectRoot = "";
			targets = (
				C57196441C3ADF0800F39A26 /* IOSBootcampContact */,
			);
		};
/* End PBXProject section */

/* Begin PBXResourcesBuildPhase section */
		C57196431C3ADF0800F39A26 /* Resources */ = {
			isa = PBXResourcesBuildPhase;
			buildActionMask = 2147483647;
			files = (
				C57196581C3ADF0800F39A26 /* LaunchScreen.storyboard in Resources */,
				C57196551C3ADF0800F39A26 /* Assets.xcassets in Resources */,
				C57196531C3ADF0800F39A26 /* Main.storyboard in Resources */,
			);
			runOnlyForDeploymentPostprocessing = 0;
		};
/* End PBXResourcesBuildPhase section */

/* Begin PBXSourcesBuildPhase section */
		C57196411C3ADF0800F39A26 /* Sources */ = {
			isa = PBXSourcesBuildPhase;
			buildActionMask = 2147483647;
			files = (
				C57196501C3ADF0800F39A26 /* ViewController.m in Sources */,
				C571964D1C3ADF0800F39A26 /* AppDelegate.m in Sources */,
				C571964A1C3ADF0800F39A26 /* main.m in Sources */,
			);
			runOnlyForDeploymentPostprocessing = 0;
		};
/* End PBXSourcesBuildPhase section */

/* Begin PBXVariantGroup section */
		C57196511C3ADF0800F39A26 /* Main.storyboard */ = {
			isa = PBXVariantGroup;
			children = (
				C57196521C3ADF0800F39A26 /* Base */,
			);
			name = Main.storyboard;
			sourceTree = "<group>";
		};
		C57196561C3ADF0800F39A26 /* LaunchScreen.storyboard */ = {
			isa = PBXVariantGroup;
			children = (
				C57196571C3ADF0800F39A26 /* Base */,
			);
			name = LaunchScreen.storyboard;
			sourceTree = "<group>";
		};
/* End PBXVariantGroup section */

/* Begin XCBuildConfiguration section */
		C571965A1C3ADF0800F39A26 /* Debug */ = {
			isa = XCBuildConfiguration;
			buildSettings = {
				ALWAYS_SEARCH_USER_PATHS = NO;
				CLANG_CXX_LANGUAGE_STANDARD = "gnu++0x";
				CLANG_CXX_LIBRARY = "libc++";
				CLANG_ENABLE_MODULES = YES;
				CLANG_ENABLE_OBJC_ARC = YES;
				CLANG_WARN_BOOL_CONVERSION = YES;
				CLANG_WARN_CONSTANT_CONVERSION = YES;
				CLANG_WARN_DIRECT_OBJC_ISA_USAGE = YES_ERROR;
				CLANG_WARN_EMPTY_BODY = YES;
				CLANG_WARN_ENUM_CONVERSION = YES;
				CLANG_WARN_INT_CONVERSION = YES;
				CLANG_WARN_OBJC_ROOT_CLASS = YES_ERROR;
				CLANG_WARN_UNREACHABLE_CODE = YES;
				CLANG_WARN__DUPLICATE_METHOD_MATCH = YES;
				"CODE_SIGN_IDENTITY[sdk=iphoneos*]" = "iPhone Developer";
				COPY_PHASE_STRIP = NO;
				DEBUG_INFORMATION_FORMAT = dwarf;
				ENABLE_STRICT_OBJC_MSGSEND = YES;
				ENABLE_TESTABILITY = YES;
				GCC_C_LANGUAGE_STANDARD = gnu99;
				GCC_DYNAMIC_NO_PIC = NO;
				GCC_NO_COMMON_BLOCKS = YES;
				GCC_OPTIMIZATION_LEVEL = 0;
				GCC_PREPROCESSOR_DEFINITIONS = (
					"DEBUG=1",
					"$(inherited)",
				);
				GCC_WARN_64_TO_32_BIT_CONVERSION = YES;
				GCC_WARN_ABOUT_RETURN_TYPE = YES_ERROR;
				GCC_WARN_UNDECLARED_SELECTOR = YES;
				GCC_WARN_UNINITIALIZED_AUTOS = YES_AGGRESSIVE;
				GCC_WARN_UNUSED_FUNCTION = YES;
				GCC_WARN_UNUSED_VARIABLE = YES;
				IPHONEOS_DEPLOYMENT_TARGET = 9.2;
				MTL_ENABLE_DEBUG_INFO = YES;
				ONLY_ACTIVE_ARCH = YES;
				SDKROOT = iphoneos;
				TARGETED_DEVICE_FAMILY = "1,2";
			};
			name = Debug;
		};
		C571965B1C3ADF0800F39A26 /* Release */ = {
			isa = XCBuildConfiguration;
			buildSettings = {
				ALWAYS_SEARCH_USER_PATHS = NO;
				CLANG_CXX_LANGUAGE_STANDARD = "gnu++0x";
				CLANG_CXX_LIBRARY = "libc++";
				CLANG_ENABLE_MODULES = YES;
				CLANG_ENABLE_OBJC_ARC = YES;
				CLANG_WARN_BOOL_CONVERSION = YES;
				CLANG_WARN_CONSTANT_CONVERSION = YES;
				CLANG_WARN_DIRECT_OBJC_ISA_USAGE = YES_ERROR;
				CLANG_WARN_EMPTY_BODY = YES;
				CLANG_WARN_ENUM_CONVERSION = YES;
				CLANG_WARN_INT_CONVERSION = YES;
				CLANG_WARN_OBJC_ROOT_CLASS = YES_ERROR;
				CLANG_WARN_UNREACHABLE_CODE = YES;
				CLANG_WARN__DUPLICATE_METHOD_MATCH = YES;
				"CODE_SIGN_IDENTITY[sdk=iphoneos*]" = "iPhone Developer";
				COPY_PHASE_STRIP = NO;
				DEBUG_INFORMATION_FORMAT = "dwarf-with-dsym";
				ENABLE_NS_ASSERTIONS = NO;
				ENABLE_STRICT_OBJC_MSGSEND = YES;
				GCC_C_LANGUAGE_STANDARD = gnu99;
				GCC_NO_COMMON_BLOCKS = YES;
				GCC_WARN_64_TO_32_BIT_CONVERSION = YES;
				GCC_WARN_ABOUT_RETURN_TYPE = YES_ERROR;
				GCC_WARN_UNDECLARED_SELECTOR = YES;
				GCC_WARN_UNINITIALIZED_AUTOS = YES_AGGRESSIVE;
				GCC_WARN_UNUSED_FUNCTION = YES;
				GCC_WARN_UNUSED_VARIABLE = YES;
				IPHONEOS_DEPLOYMENT_TARGET = 9.2;
				MTL_ENABLE_DEBUG_INFO = NO;
				SDKROOT = iphoneos;
				TARGETED_DEVICE_FAMILY = "1,2";
				VALIDATE_PRODUCT = YES;
			};
			name = Release;
		};
		C571965D1C3ADF0800F39A26 /* Debug */ = {
			isa = XCBuildConfiguration;
			buildSettings = {
				ASSETCATALOG_COMPILER_APPICON_NAME = AppIcon;
				INFOPLIST_FILE = IOSBootcampContact/Info.plist;
				LD_RUNPATH_SEARCH_PATHS = "$(inherited) @executable_path/Frameworks";
				PRODUCT_BUNDLE_IDENTIFIER = Lawton.IOSBootcampContact;
				PRODUCT_NAME = "$(TARGET_NAME)";
			};
			name = Debug;
		};
		C571965E1C3ADF0800F39A26 /* Release */ = {
			isa = XCBuildConfiguration;
			buildSettings = {
				ASSETCATALOG_COMPILER_APPICON_NAME = AppIcon;
				INFOPLIST_FILE = IOSBootcampContact/Info.plist;
				LD_RUNPATH_SEARCH_PATHS = "$(inherited) @executable_path/Frameworks";
				PRODUCT_BUNDLE_IDENTIFIER = Lawton.IOSBootcampContact;
				PRODUCT_NAME = "$(TARGET_NAME)";
			};
			name = Release;
		};
/* End XCBuildConfiguration section */

/* Begin XCConfigurationList section */
		C57196401C3ADF0800F39A26 /* Build configuration list for PBXProject "IOSBootcampContact" */ = {
			isa = XCConfigurationList;
			buildConfigurations = (
				C571965A1C3ADF0800F39A26 /* Debug */,
				C571965B1C3ADF0800F39A26 /* Release */,
			);
			defaultConfigurationIsVisible = 0;
			defaultConfigurationName = Release;
		};
		C571965C1C3ADF0800F39A26 /* Build configuration list for PBXNativeTarget "IOSBootcampContact" */ = {
			isa = XCConfigurationList;
			buildConfigurations = (
				C571965D1C3ADF0800F39A26 /* Debug */,
				C571965E1C3ADF0800F39A26 /* Release */,
			);
			defaultConfigurationIsVisible = 0;
		};
/* End XCConfigurationList section */
	};
	rootObject = C571963D1C3ADF0800F39A26 /* Project object */;
}
